
Microsoft Visual Studio Solution File, Format Version 12.00
# Visual Studio 15
VisualStudioVersion = 15.0.26730.12
MinimumVisualStudioVersion = 10.0.40219.1
Project("{2150E333-8FDC-42A3-9474-1A3956D46DE8}") = "src", "src", "{B2BB8B03-100B-42D6-B8F0-CD2198E8561A}"
EndProject
Project("{2150E333-8FDC-42A3-9474-1A3956D46DE8}") = "test", "test", "{D407313F-A560-40EA-B874-73E20B3D19E1}"
EndProject
Project("{9A19103F-16F7-4668-BE54-9A1E7A4F7556}") = "Core", "src\Core\Core.csproj", "{DFDAF65E-6EEA-46E6-AA1F-B5A28ABD7306}"
EndProject
Project("{9A19103F-16F7-4668-BE54-9A1E7A4F7556}") = "Infrastructure", "src\Infrastructure\Infrastructure.csproj", "{350166B0-A3C5-4266-B1BD-853BDC35ABE3}"
EndProject
Project("{9A19103F-16F7-4668-BE54-9A1E7A4F7556}") = "IntegrationTests", "test\IntegrationTests\IntegrationTests.csproj", "{51D1046B-FB23-4822-A927-63A064BE3118}"
EndProject
Project("{9A19103F-16F7-4668-BE54-9A1E7A4F7556}") = "Api.Admin", "src\Api.Admin\Api.Admin.csproj", "{7CE85DBE-5F46-414E-BC39-5807F64FA0AF}"
EndProject
Project("{9A19103F-16F7-4668-BE54-9A1E7A4F7556}") = "Api.Common", "src\Api.Common\Api.Common.csproj", "{CD2C08C1-B74F-4449-A7B0-9CAB7DC19DE5}"
EndProject
Global
	GlobalSection(SolutionConfigurationPlatforms) = preSolution
		Debug|Any CPU = Debug|Any CPU
		Release|Any CPU = Release|Any CPU
	EndGlobalSection
	GlobalSection(ProjectConfigurationPlatforms) = postSolution
		{DFDAF65E-6EEA-46E6-AA1F-B5A28ABD7306}.Debug|Any CPU.ActiveCfg = Debug|Any CPU
		{DFDAF65E-6EEA-46E6-AA1F-B5A28ABD7306}.Debug|Any CPU.Build.0 = Debug|Any CPU
		{DFDAF65E-6EEA-46E6-AA1F-B5A28ABD7306}.Release|Any CPU.ActiveCfg = Release|Any CPU
		{DFDAF65E-6EEA-46E6-AA1F-B5A28ABD7306}.Release|Any CPU.Build.0 = Release|Any CPU
		{350166B0-A3C5-4266-B1BD-853BDC35ABE3}.Debug|Any CPU.ActiveCfg = Debug|Any CPU
		{350166B0-A3C5-4266-B1BD-853BDC35ABE3}.Debug|Any CPU.Build.0 = Debug|Any CPU
		{350166B0-A3C5-4266-B1BD-853BDC35ABE3}.Release|Any CPU.ActiveCfg = Release|Any CPU
		{350166B0-A3C5-4266-B1BD-853BDC35ABE3}.Release|Any CPU.Build.0 = Release|Any CPU
		{51D1046B-FB23-4822-A927-63A064BE3118}.Debug|Any CPU.ActiveCfg = Debug|Any CPU
		{51D1046B-FB23-4822-A927-63A064BE3118}.Debug|Any CPU.Build.0 = Debug|Any CPU
		{51D1046B-FB23-4822-A927-63A064BE3118}.Release|Any CPU.ActiveCfg = Release|Any CPU
		{51D1046B-FB23-4822-A927-63A064BE3118}.Release|Any CPU.Build.0 = Release|Any CPU
		{7CE85DBE-5F46-414E-BC39-5807F64FA0AF}.Debug|Any CPU.ActiveCfg = Debug|Any CPU
		{7CE85DBE-5F46-414E-BC39-5807F64FA0AF}.Debug|Any CPU.Build.0 = Debug|Any CPU
		{7CE85DBE-5F46-414E-BC39-5807F64FA0AF}.Release|Any CPU.ActiveCfg = Release|Any CPU
		{7CE85DBE-5F46-414E-BC39-5807F64FA0AF}.Release|Any CPU.Build.0 = Release|Any CPU
		{CD2C08C1-B74F-4449-A7B0-9CAB7DC19DE5}.Debug|Any CPU.ActiveCfg = Debug|Any CPU
		{CD2C08C1-B74F-4449-A7B0-9CAB7DC19DE5}.Debug|Any CPU.Build.0 = Debug|Any CPU
		{CD2C08C1-B74F-4449-A7B0-9CAB7DC19DE5}.Release|Any CPU.ActiveCfg = Release|Any CPU
		{CD2C08C1-B74F-4449-A7B0-9CAB7DC19DE5}.Release|Any CPU.Build.0 = Release|Any CPU
	EndGlobalSection
	GlobalSection(SolutionProperties) = preSolution
		HideSolutionNode = FALSE
	EndGlobalSection
	GlobalSection(NestedProjects) = preSolution
		{DFDAF65E-6EEA-46E6-AA1F-B5A28ABD7306} = {B2BB8B03-100B-42D6-B8F0-CD2198E8561A}
		{350166B0-A3C5-4266-B1BD-853BDC35ABE3} = {B2BB8B03-100B-42D6-B8F0-CD2198E8561A}
		{51D1046B-FB23-4822-A927-63A064BE3118} = {D407313F-A560-40EA-B874-73E20B3D19E1}
		{7CE85DBE-5F46-414E-BC39-5807F64FA0AF} = {B2BB8B03-100B-42D6-B8F0-CD2198E8561A}
		{CD2C08C1-B74F-4449-A7B0-9CAB7DC19DE5} = {B2BB8B03-100B-42D6-B8F0-CD2198E8561A}
	EndGlobalSection
	GlobalSection(ExtensibilityGlobals) = postSolution
		SolutionGuid = {AAA662A2-5C38-47EE-8189-1EC440B71DD0}
	EndGlobalSection
EndGlobal
